
Microsoft Visual Studio Solution File, Format Version 12.00
# Visual Studio Version 17
VisualStudioVersion = 17.14.36429.23
MinimumVisualStudioVersion = 10.0.40219.1
Project("{FAE04EC0-301F-11D3-BF4B-00C04F79EFBC}") = "TaskManagerApi", "TaskManager\TaskManagerApi.csproj", "{9CBDA63E-0020-4886-A5B7-1CBBE8403DD3}"
EndProject
Project("{FAE04EC0-301F-11D3-BF4B-00C04F79EFBC}") = "Entites", "Entites\Entites.csproj", "{4A5756DC-7FE5-433A-8F8C-31E1E54017B0}"
EndProject
Project("{FAE04EC0-301F-11D3-BF4B-00C04F79EFBC}") = "Presentation", "Presentation\Presentation.csproj", "{CDC29FC0-ACB9-48EB-880C-24AAAFB03053}"
EndProject
Project("{FAE04EC0-301F-11D3-BF4B-00C04F79EFBC}") = "Repositories", "Repositories\Repositories.csproj", "{97C5EDCF-476D-4C0B-9352-4D9F488FCF9F}"
EndProject
Project("{FAE04EC0-301F-11D3-BF4B-00C04F79EFBC}") = "Services", "Services\Services.csproj", "{DBF95191-984E-4693-8E5D-587F32E99A1A}"
EndProject
Global
	GlobalSection(SolutionConfigurationPlatforms) = preSolution
		Debug|Any CPU = Debug|Any CPU
		Release|Any CPU = Release|Any CPU
	EndGlobalSection
	GlobalSection(ProjectConfigurationPlatforms) = postSolution
		{9CBDA63E-0020-4886-A5B7-1CBBE8403DD3}.Debug|Any CPU.ActiveCfg = Debug|Any CPU
		{9CBDA63E-0020-4886-A5B7-1CBBE8403DD3}.Debug|Any CPU.Build.0 = Debug|Any CPU
		{9CBDA63E-0020-4886-A5B7-1CBBE8403DD3}.Release|Any CPU.ActiveCfg = Release|Any CPU
		{9CBDA63E-0020-4886-A5B7-1CBBE8403DD3}.Release|Any CPU.Build.0 = Release|Any CPU
		{4A5756DC-7FE5-433A-8F8C-31E1E54017B0}.Debug|Any CPU.ActiveCfg = Debug|Any CPU
		{4A5756DC-7FE5-433A-8F8C-31E1E54017B0}.Debug|Any CPU.Build.0 = Debug|Any CPU
		{4A5756DC-7FE5-433A-8F8C-31E1E54017B0}.Release|Any CPU.ActiveCfg = Release|Any CPU
		{4A5756DC-7FE5-433A-8F8C-31E1E54017B0}.Release|Any CPU.Build.0 = Release|Any CPU
		{CDC29FC0-ACB9-48EB-880C-24AAAFB03053}.Debug|Any CPU.ActiveCfg = Debug|Any CPU
		{CDC29FC0-ACB9-48EB-880C-24AAAFB03053}.Debug|Any CPU.Build.0 = Debug|Any CPU
		{CDC29FC0-ACB9-48EB-880C-24AAAFB03053}.Release|Any CPU.ActiveCfg = Release|Any CPU
		{CDC29FC0-ACB9-48EB-880C-24AAAFB03053}.Release|Any CPU.Build.0 = Release|Any CPU
		{97C5EDCF-476D-4C0B-9352-4D9F488FCF9F}.Debug|Any CPU.ActiveCfg = Debug|Any CPU
		{97C5EDCF-476D-4C0B-9352-4D9F488FCF9F}.Debug|Any CPU.Build.0 = Debug|Any CPU
		{97C5EDCF-476D-4C0B-9352-4D9F488FCF9F}.Release|Any CPU.ActiveCfg = Release|Any CPU
		{97C5EDCF-476D-4C0B-9352-4D9F488FCF9F}.Release|Any CPU.Build.0 = Release|Any CPU
		{DBF95191-984E-4693-8E5D-587F32E99A1A}.Debug|Any CPU.ActiveCfg = Debug|Any CPU
		{DBF95191-984E-4693-8E5D-587F32E99A1A}.Debug|Any CPU.Build.0 = Debug|Any CPU
		{DBF95191-984E-4693-8E5D-587F32E99A1A}.Release|Any CPU.ActiveCfg = Release|Any CPU
		{DBF95191-984E-4693-8E5D-587F32E99A1A}.Release|Any CPU.Build.0 = Release|Any CPU
	EndGlobalSection
	GlobalSection(SolutionProperties) = preSolution
		HideSolutionNode = FALSE
	EndGlobalSection
	GlobalSection(ExtensibilityGlobals) = postSolution
		SolutionGuid = {425E60AB-1B39-4C65-9A7A-199410100AFD}
	EndGlobalSection
EndGlobal
